
Microsoft Visual Studio Solution File, Format Version 12.00
# Visual Studio 15
VisualStudioVersion = 15.0.28010.2016
MinimumVisualStudioVersion = 10.0.40219.1
Project("{FAE04EC0-301F-11D3-BF4B-00C04F79EFBC}") = "test", "test\test.csproj", "{F9B04A31-8FA2-4031-A470-720127325E6C}"
EndProject
Global
	GlobalSection(SolutionConfigurationPlatforms) = preSolution
		Debug|Any CPU = Debug|Any CPU
		Release|Any CPU = Release|Any CPU
	EndGlobalSection
	GlobalSection(ProjectConfigurationPlatforms) = postSolution
		{F9B04A31-8FA2-4031-A470-720127325E6C}.Debug|Any CPU.ActiveCfg = Debug|Any CPU
		{F9B04A31-8FA2-4031-A470-720127325E6C}.Debug|Any CPU.Build.0 = Debug|Any CPU
		{F9B04A31-8FA2-4031-A470-720127325E6C}.Release|Any CPU.ActiveCfg = Release|Any CPU
		{F9B04A31-8FA2-4031-A470-720127325E6C}.Release|Any CPU.Build.0 = Release|Any CPU
	EndGlobalSection
	GlobalSection(SolutionProperties) = preSolution
		HideSolutionNode = FALSE
	EndGlobalSection
	GlobalSection(ExtensibilityGlobals) = postSolution
		SolutionGuid = {0709A14A-0C2F-4A9E-89B5-963323F9BBE1}
	EndGlobalSection
EndGlobal
